{
  "requires": true,
  "lockfileVersion": 1,
  "dependencies": {
    "@prisma/client": {
      "version": "3.2.1",
      "resolved": "https://registry.npmjs.org/@prisma/client/-/client-3.2.1.tgz",
      "integrity": "sha512-nakt9YoDFD4cgTkRTSVbzG40AKmmbVEtXE3csVqBdDXsm0/L4PQdtbtzILNzq28xv8HH8oHgFKWnsItM23mSDw==",
      "requires": {
        "@prisma/engines-version": "3.2.1-1.b71d8cb16c4ddc7e3e9821f42fd09b0f82d7934c"
      }
    },
    "@prisma/engines": {
      "version": "3.2.1-1.b71d8cb16c4ddc7e3e9821f42fd09b0f82d7934c",
      "resolved": "https://registry.npmjs.org/@prisma/engines/-/engines-3.2.1-1.b71d8cb16c4ddc7e3e9821f42fd09b0f82d7934c.tgz",
      "integrity": "sha512-wnHODKLQGKkE2ZCHxHQEf/4Anq/EP0ZCvX++D5w34033mwZ94iZiOsEKZZ31fgki7MTh28F1VNF5ZSFdnRjgvQ=="
    },
    "@prisma/engines-version": {
      "version": "3.2.1-1.b71d8cb16c4ddc7e3e9821f42fd09b0f82d7934c",
      "resolved": "https://registry.npmjs.org/@prisma/engines-version/-/engines-version-3.2.1-1.b71d8cb16c4ddc7e3e9821f42fd09b0f82d7934c.tgz",
      "integrity": "sha512-O4dHSbqfX7yAjFMawIEzv6wefv3LRMDK4J20Y70NvE3otbE3CnChlmghkCvMsQ1CGF1QuGlrqfw20aI2JfZcaw=="
    },
    "prisma": {
      "version": "3.2.1",
      "resolved": "https://registry.npmjs.org/prisma/-/prisma-3.2.1.tgz",
      "integrity": "sha512-nXhldcFYemNSMqdTAEziggVWBNbCHTrr0amkCJruP3G2AFpzxrKtksPRLYNetxdKMJAt7aRRumusbtmTTDgyzw==",
      "requires": {
        "@prisma/engines": "3.2.1-1.b71d8cb16c4ddc7e3e9821f42fd09b0f82d7934c"
      }
    }
  }
}
